
Microsoft Visual Studio Solution File, Format Version 12.00
Project("{FAE04EC0-301F-11D3-BF4B-00C04F79EFBC}") = "SudokuKiller", "SudokuKiller\SudokuKiller.csproj", "{355F1824-D6FE-41B2-A57C-03C3CBC4ED2D}"
EndProject
Global
	GlobalSection(SolutionConfigurationPlatforms) = preSolution
		Debug|Any CPU = Debug|Any CPU
		Release|Any CPU = Release|Any CPU
	EndGlobalSection
	GlobalSection(ProjectConfigurationPlatforms) = postSolution
		{355F1824-D6FE-41B2-A57C-03C3CBC4ED2D}.Debug|Any CPU.ActiveCfg = Debug|Any CPU
		{355F1824-D6FE-41B2-A57C-03C3CBC4ED2D}.Debug|Any CPU.Build.0 = Debug|Any CPU
		{355F1824-D6FE-41B2-A57C-03C3CBC4ED2D}.Release|Any CPU.ActiveCfg = Release|Any CPU
		{355F1824-D6FE-41B2-A57C-03C3CBC4ED2D}.Release|Any CPU.Build.0 = Release|Any CPU
	EndGlobalSection
EndGlobal
